{
  "name": "screen-based",
  "lockfileVersion": 2,
  "requires": true,
  "packages": {
    "": {
      "dependencies": {
        "@microsoft/fast-element": "^1.6.2"
      }
    },
    "node_modules/@microsoft/fast-element": {
      "version": "1.6.2",
      "resolved": "https://registry.npmjs.org/@microsoft/fast-element/-/fast-element-1.6.2.tgz",
      "integrity": "sha512-TrFOpe9k9xIK2iLfIG5T2+bavUAWBvAC/KQ/3ecFsK65l9PAZ/j3zlkyLxNrpIksFtUBkfVdV03kwFurZjqzKQ=="
    }
  },
  "dependencies": {
    "@microsoft/fast-element": {
      "version": "1.6.2",
      "resolved": "https://registry.npmjs.org/@microsoft/fast-element/-/fast-element-1.6.2.tgz",
      "integrity": "sha512-TrFOpe9k9xIK2iLfIG5T2+bavUAWBvAC/KQ/3ecFsK65l9PAZ/j3zlkyLxNrpIksFtUBkfVdV03kwFurZjqzKQ=="
    }
  }
}
